
Microsoft Visual Studio Solution File, Format Version 12.00
# Visual Studio Version 16
VisualStudioVersion = 16.0.32901.82
MinimumVisualStudioVersion = 10.0.40219.1
Project("{FAE04EC0-301F-11D3-BF4B-00C04F79EFBC}") = "PinballController", "PinballController\PinballController.csproj", "{8C36826E-A36B-43B3-8907-6D86D24DE46C}"
EndProject
Global
	GlobalSection(SolutionConfigurationPlatforms) = preSolution
		Debug|Any CPU = Debug|Any CPU
		Release|Any CPU = Release|Any CPU
	EndGlobalSection
	GlobalSection(ProjectConfigurationPlatforms) = postSolution
		{8C36826E-A36B-43B3-8907-6D86D24DE46C}.Debug|Any CPU.ActiveCfg = Debug|Any CPU
		{8C36826E-A36B-43B3-8907-6D86D24DE46C}.Debug|Any CPU.Build.0 = Debug|Any CPU
		{8C36826E-A36B-43B3-8907-6D86D24DE46C}.Release|Any CPU.ActiveCfg = Release|Any CPU
		{8C36826E-A36B-43B3-8907-6D86D24DE46C}.Release|Any CPU.Build.0 = Release|Any CPU
	EndGlobalSection
	GlobalSection(SolutionProperties) = preSolution
		HideSolutionNode = FALSE
	EndGlobalSection
	GlobalSection(ExtensibilityGlobals) = postSolution
		SolutionGuid = {3C3DA041-BE45-4F4D-878D-589838B7B7C6}
	EndGlobalSection
EndGlobal
